[[package]]
name = "pydbus"
version = "0.6.0"
description = "Pythonic DBus library"
category = "main"
optional = false
python-versions = "*"

[metadata]
lock-version = "1.1"
python-versions = "^3.10"
content-hash = "fcb960af23b9dae263b9359b1cf0d6a2153890ce6775272a626fe1288eeaeade"

[metadata.files]
pydbus = []
