# This file is automatically @generated by Poetry 1.7.1 and should not be changed by hand.

[[package]]
name = "cython"
version = "3.0.7"
description = "The Cython compiler for writing C extensions in the Python language."
optional = false
python-versions = ">=2.7, !=3.0.*, !=3.1.*, !=3.2.*, !=3.3.*"
files = [
    { file = "Cython-3.0.7-cp310-cp310-manylinux_2_17_aarch64.manylinux2014_aarch64.whl", hash = "sha256:e3c0e19bb41de6be9d8afc85795159ca16296be81a586cd9588be0400d44a855" },
    { file = "Cython-3.0.7-cp310-cp310-manylinux_2_17_x86_64.manylinux2014_x86_64.whl", hash = "sha256:4e8bf00ec1dd1d92e9ae74d2e6891f087a939e1dfb40c9c7fa5d8d6a26c94f5a" },
    { file = "Cython-3.0.7-cp310-cp310-manylinux_2_5_i686.manylinux1_i686.manylinux_2_17_i686.manylinux2014_i686.whl", hash = "sha256:cd6ae43ef2e596c9a88dbf2a8895be2e32cc2f5bc3c8ba2e7753b69068fc0b2d" },
    { file = "Cython-3.0.7-cp310-cp310-musllinux_1_1_aarch64.whl", hash = "sha256:f674be92673e87dd8ee7cfe553d5960ec4effc5ab15063b9a5e265a51585a31a" },
    { file = "Cython-3.0.7-cp310-cp310-musllinux_1_1_x86_64.whl", hash = "sha256:861cf254bf5836d47c2aee86aa75dd93d3de00ccd1b077c3c7a2bb22cba358e7" },
    { file = "Cython-3.0.7-cp310-cp310-win32.whl", hash = "sha256:f6d8ff62ad55dc0393686438eac4b457a916e4d1118a0b550746bb52b4c756cc" },
    { file = "Cython-3.0.7-cp310-cp310-win_amd64.whl", hash = "sha256:e13abb14843397b76d0472c7d33cd260d5f262ab05cc27ed423317e645e29643" },
    { file = "Cython-3.0.7-cp311-cp311-manylinux_2_17_aarch64.manylinux2014_aarch64.whl", hash = "sha256:0c636c9ab92c7838231a1ba769e519d953af8294612f3f772a54d3a5250ff23f" },
    { file = "Cython-3.0.7-cp311-cp311-manylinux_2_17_x86_64.manylinux2014_x86_64.whl", hash = "sha256:22d2a684122dfb531853d57c8c85c1d5d44be709e12466dca99fa6aee7d8054f" },
    { file = "Cython-3.0.7-cp311-cp311-manylinux_2_5_i686.manylinux1_i686.manylinux_2_17_i686.manylinux2014_i686.whl", hash = "sha256:e1bdf8a107fdf9e174991aa87a0be7504f60de1ec6bfb1ccfb30e33acac818a0" },
    { file = "Cython-3.0.7-cp311-cp311-musllinux_1_1_aarch64.whl", hash = "sha256:3a83e04fde663b84905f3a20213a4333d13a07b79434300704b70dc552761f8b" },
    { file = "Cython-3.0.7-cp311-cp311-musllinux_1_1_x86_64.whl", hash = "sha256:e34b4b08d795ccca920fa26b099558f4f1e4e3f794e4ba8d3433c5bc2454d50a" },
    { file = "Cython-3.0.7-cp311-cp311-win32.whl", hash = "sha256:133057ac45b6fa7fe5d7baada9d3545d09339432f75c0545f556e8c6fecc2932" },
    { file = "Cython-3.0.7-cp311-cp311-win_amd64.whl", hash = "sha256:b65abca78aa5ebc8675c8480b9a53006f6efea9910ad099cf32c9fb5617ef251" },
    { file = "Cython-3.0.7-cp312-cp312-manylinux_2_17_aarch64.manylinux2014_aarch64.whl", hash = "sha256:23ceac5315fe899c229e874328742154e331fa41337bb03f6f5264636c351c9e" },
    { file = "Cython-3.0.7-cp312-cp312-manylinux_2_17_x86_64.manylinux2014_x86_64.whl", hash = "sha256:8ea936cf5931297ba07bce121388c4c6266c1b63a9f4d648ae16c92ff090204b" },
    { file = "Cython-3.0.7-cp312-cp312-manylinux_2_5_i686.manylinux1_i686.manylinux_2_17_i686.manylinux2014_i686.whl", hash = "sha256:9fcd9a18ee3ac7f460e0841954feb495102ffbdbec0e6c78562f3495cda000dd" },
    { file = "Cython-3.0.7-cp312-cp312-musllinux_1_1_aarch64.whl", hash = "sha256:7c8d579d13cb81abe704c8b0908d122b81d6e2623265a19c4a6a7377f440debb" },
    { file = "Cython-3.0.7-cp312-cp312-musllinux_1_1_x86_64.whl", hash = "sha256:ef5bb0268bfe5992da3ef9292463a5a895ed8700b134ed2c00008d5471b3ba6e" },
    { file = "Cython-3.0.7-cp312-cp312-win32.whl", hash = "sha256:55f93d3822bc196b37a8bdfa4ec6a35232a399e97f2baa714bd5ed8ea9b0ce68" },
    { file = "Cython-3.0.7-cp312-cp312-win_amd64.whl", hash = "sha256:f3845c4506e0d207c5e268fb02813928f3a1e135de954a379f165ef0d581da47" },
    { file = "Cython-3.0.7-cp36-cp36m-manylinux_2_17_aarch64.manylinux2014_aarch64.whl", hash = "sha256:8ad7c2303a338b2c0b6c6c68f101a6768725934538756096cf3388a5c07a7525" },
    { file = "Cython-3.0.7-cp36-cp36m-manylinux_2_17_x86_64.manylinux2014_x86_64.whl", hash = "sha256:fed25959e4025870fdde5f895fcb126196d22affd4f4fad85a2823e0dddc85b0" },
    { file = "Cython-3.0.7-cp36-cp36m-manylinux_2_5_i686.manylinux1_i686.manylinux_2_17_i686.manylinux2014_i686.whl", hash = "sha256:79868ec74e4907a8a6e63effe13547c6157f196a162920b1de066da5849ffb8e" },
    { file = "Cython-3.0.7-cp36-cp36m-musllinux_1_1_aarch64.whl", hash = "sha256:5e3a038332973b12e72236e8884dc99601a840334c2c46cfbbb5851cb94166eb" },
    { file = "Cython-3.0.7-cp36-cp36m-musllinux_1_1_x86_64.whl", hash = "sha256:f2602a5c97a3d618b3b847514204ef3349fb414c59e1126c0c2c708d2c5680f8" },
    { file = "Cython-3.0.7-cp36-cp36m-win32.whl", hash = "sha256:539ad5a21141e6420035cf616bcba48d999bf878839e52692f97fc7e2f16265c" },
    { file = "Cython-3.0.7-cp36-cp36m-win_amd64.whl", hash = "sha256:848a28ea49166454c3bff927e5a47629eecf1aa755d6fb3290569cba0fc93766" },
    { file = "Cython-3.0.7-cp37-cp37m-manylinux_2_17_aarch64.manylinux2014_aarch64.whl", hash = "sha256:82f27a0134fc6bb46032ca5f728d8af984f3be94a3cb01cb70ff1224e551b9cf" },
    { file = "Cython-3.0.7-cp37-cp37m-manylinux_2_17_x86_64.manylinux2014_x86_64.whl", hash = "sha256:79f20c61114c7948cf1214585066406cef4b54a9b935160980e0b6e70ada3a69" },
    { file = "Cython-3.0.7-cp37-cp37m-manylinux_2_5_i686.manylinux1_i686.manylinux_2_17_i686.manylinux2014_i686.whl", hash = "sha256:34d51709e10ad6213b4bf094af7be7ff82bab43216b3c92a07d05b451deeca79" },
    { file = "Cython-3.0.7-cp37-cp37m-musllinux_1_1_aarch64.whl", hash = "sha256:3f02c7240abab48d59f0d5fef7064f18f01a2a204616165fa6367a8abf5a8832" },
    { file = "Cython-3.0.7-cp37-cp37m-musllinux_1_1_x86_64.whl", hash = "sha256:225f8bba6428b8d711ca2d6c738d2e3a4667f6a2ae40f8a7a5256f69f6a3600e" },
    { file = "Cython-3.0.7-cp37-cp37m-win32.whl", hash = "sha256:30eb2d2938b9195e2c82951713429aff3ad1be9f104437d1536a04eb0cb3dc0e" },
    { file = "Cython-3.0.7-cp37-cp37m-win_amd64.whl", hash = "sha256:167b3f3894dcc697cefefac1d198304fae8eb4d5860a7b8bc2459d572e838470" },
    { file = "Cython-3.0.7-cp38-cp38-manylinux_2_17_aarch64.manylinux2014_aarch64.whl", hash = "sha256:2c67105f2c6ccf5b3adbcfaecf3c5c9fa8940f9f97955c9ad7d2542151d97d93" },
    { file = "Cython-3.0.7-cp38-cp38-manylinux_2_17_x86_64.manylinux2014_x86_64.whl", hash = "sha256:6a1859af761977530df2cd5c36e31d54e8d6708ad2c4656e7125c482364dc216" },
    { file = "Cython-3.0.7-cp38-cp38-manylinux_2_5_i686.manylinux1_i686.manylinux_2_17_i686.manylinux2014_i686.whl", hash = "sha256:01b94304aab87496e81d1f546e71abf57b430b39be4269df1cd7da9928d70b5b" },
    { file = "Cython-3.0.7-cp38-cp38-musllinux_1_1_aarch64.whl", hash = "sha256:931aade65f77cf59f2a702ac1f549a4836ce221107c740502cbad18d6d8e9511" },
    { file = "Cython-3.0.7-cp38-cp38-musllinux_1_1_x86_64.whl", hash = "sha256:812b193c26553f1f375d4f1c50f805c227b24ed2d595bc9cdaf78c992ecc64a4" },
    { file = "Cython-3.0.7-cp38-cp38-win32.whl", hash = "sha256:b227643d8a40b68554dc7d37fcd03fc97b4fb0bd2614aeb5f2e07ab244642d36" },
    { file = "Cython-3.0.7-cp38-cp38-win_amd64.whl", hash = "sha256:0d8a98c7d86ac4d05b251c39faf49423780381aab55fbf2e147f6e006a34a58a" },
    { file = "Cython-3.0.7-cp39-cp39-manylinux_2_17_aarch64.manylinux2014_aarch64.whl", hash = "sha256:816f5285d596062c7ef22790de7d75354b58d4417a9fc64cba914aeeb900db0b" },
    { file = "Cython-3.0.7-cp39-cp39-manylinux_2_17_x86_64.manylinux2014_x86_64.whl", hash = "sha256:b9d0dae6dccd349b8ccf197c10ef2d05c711ca36a649c7eddbab1de2c90b63a1" },
    { file = "Cython-3.0.7-cp39-cp39-manylinux_2_5_i686.manylinux1_i686.manylinux_2_17_i686.manylinux2014_i686.whl", hash = "sha256:13211b67b29f6ed8e87c137496c73d93aff0330d97940b4fbed72eae37a4a2a0" },
    { file = "Cython-3.0.7-cp39-cp39-musllinux_1_1_aarch64.whl", hash = "sha256:b1853bc34ced5ff6473e881fcf6de29da83262552c8f268a0df53b49c2b89e2c" },
    { file = "Cython-3.0.7-cp39-cp39-musllinux_1_1_x86_64.whl", hash = "sha256:51e8164b1270625ff101e95c3c1c234421520c07a0a3a20ded9e9431d98afce7" },
    { file = "Cython-3.0.7-cp39-cp39-win32.whl", hash = "sha256:45319d2471f4dbf19893ca53785a421107266e18b8cccd2054fce1e3f72a85f1" },
    { file = "Cython-3.0.7-cp39-cp39-win_amd64.whl", hash = "sha256:612d83fd1eb5aaa5401a755c1f1aafacd9dab404cd350b90d5f404c98b33e4b3" },
    { file = "Cython-3.0.7-py2.py3-none-any.whl", hash = "sha256:936ec37b261b226d7404eff23a9aad284098338150d42a53d6a9af12b18d3892" },
    { file = "Cython-3.0.7.tar.gz", hash = "sha256:fb299acf3a578573c190c858d49e0cf9d75f4bc49c3f24c5a63804997ef09213" },
]

[[package]]
name = "pycairo"
version = "1.25.1"
description = "Python interface for cairo"
optional = false
python-versions = ">=3.8"
files = [
    { file = "pycairo-1.25.1-cp310-cp310-win32.whl", hash = "sha256:cacb5c2abbfdfc79c728ab261ff791511e4957b606c660f9b380975b678b728f" },
    { file = "pycairo-1.25.1-cp310-cp310-win_amd64.whl", hash = "sha256:109ebbeb5bbc510b726fc31251071264dec241e5084d0668f846d7e17e5af8e0" },
    { file = "pycairo-1.25.1-cp310-cp310-win_arm64.whl", hash = "sha256:b19269a8bf9ab5e3c617f2699bed00977fd02ff304339a233654456c0236f7c6" },
    { file = "pycairo-1.25.1-cp311-cp311-win32.whl", hash = "sha256:b10e58a3ce41e487aae15050b630742e880d4135cee7a69cee2c0ea2a0b4bd0a" },
    { file = "pycairo-1.25.1-cp311-cp311-win_amd64.whl", hash = "sha256:fcf5511b05a652a0ef87f626bf26bfc1b796a67f0d1bd40781c62986fb41c356" },
    { file = "pycairo-1.25.1-cp311-cp311-win_arm64.whl", hash = "sha256:4133ba3ef6d875aa1b16643dc0801846f463b8e78750f5308c41902dfeac5b9a" },
    { file = "pycairo-1.25.1-cp312-cp312-win32.whl", hash = "sha256:56fee2837a07ecd914f4fbf78ff59445f78becd658fe36125101925dd489eb94" },
    { file = "pycairo-1.25.1-cp312-cp312-win_amd64.whl", hash = "sha256:fb31eec2c41ec74e23dc0fc9feb4007b4c37f78ec76220ed92530b342e09821a" },
    { file = "pycairo-1.25.1-cp312-cp312-win_arm64.whl", hash = "sha256:27011d822952d7817130fc17f490de94328590bc8d45bdbca9ec4a47039fca22" },
    { file = "pycairo-1.25.1-cp38-cp38-win32.whl", hash = "sha256:9a7c5ed92fe87f60e9796777d5255f2df2deeb8ab1e3c296e67a1d8c9790808c" },
    { file = "pycairo-1.25.1-cp38-cp38-win_amd64.whl", hash = "sha256:48603ad31616140ad6fa097f13086d0ce8f29ead35ad6a215962f3b0496a5a70" },
    { file = "pycairo-1.25.1-cp39-cp39-win32.whl", hash = "sha256:97666c084e9eb1c08c7fd6d306d153767acdf03c0d80349ec55863cecd4138e0" },
    { file = "pycairo-1.25.1-cp39-cp39-win_amd64.whl", hash = "sha256:ac5437d140eccd97af12a618cc1ace0d9a85f1269f29e963751949f132828b21" },
    { file = "pycairo-1.25.1-cp39-cp39-win_arm64.whl", hash = "sha256:bda5d10adbf1f5eba6b524b5a70ccf7f659680b77e691ff94b312f25a6fcc91f" },
    { file = "pycairo-1.25.1.tar.gz", hash = "sha256:7e2be4fbc3b4536f16db7a11982cbf713e75069a4d73d44fe5a49b68423f5c0c" },
]

[[package]]
name = "pydbus"
version = "0.6.0"
description = "Pythonic DBus library"
optional = false
python-versions = "*"
files = [
    { file = "pydbus-0.6.0-py2.py3-none-any.whl", hash = "sha256:66b80106352a718d80d6c681dc2a82588048e30b75aab933e4020eb0660bf85e" },
    { file = "pydbus-0.6.0.tar.gz", hash = "sha256:4207162eff54223822c185da06c1ba8a34137a9602f3da5a528eedf3f78d0f2c" },
]

[[package]]
name = "pygobject"
version = "3.46.0"
description = "Python bindings for GObject Introspection"
optional = false
python-versions = ">=3.8, <4"
files = [
    { file = "PyGObject-3.46.0.tar.gz", hash = "sha256:481437b05af0a66b7c366ea052710eb3aacbb979d22d30b797f7ec29347ab1e6" },
]

[package.dependencies]
pycairo = ">=1.16,<2.0"

[[package]]
name = "pyobjc-core"
version = "10.1"
description = "Python<->ObjC Interoperability Module"
optional = false
python-versions = ">=3.8"
files = [
    { file = "pyobjc-core-10.1.tar.gz", hash = "sha256:1844f1c8e282839e6fdcb9a9722396c1c12fb1e9331eb68828a26f28a3b2b2b1" },
    { file = "pyobjc_core-10.1-cp310-cp310-macosx_10_9_universal2.whl", hash = "sha256:2a72a88222539ad07b5c8be411edc52ff9147d7cef311a2c849869d7bb9603fd" },
    { file = "pyobjc_core-10.1-cp311-cp311-macosx_10_9_universal2.whl", hash = "sha256:fe1b9987b7b0437685fb529832876c2a8463500114960d4e76bb8ae96b6bf208" },
    { file = "pyobjc_core-10.1-cp312-cp312-macosx_10_9_universal2.whl", hash = "sha256:9f628779c345d3abd0e20048fb0e256d894c22254577a81a6dcfdb92c3647682" },
    { file = "pyobjc_core-10.1-cp38-cp38-macosx_10_9_x86_64.whl", hash = "sha256:25a9e5a2de19238787d24cfa7def6b7fbb94bbe89c0e3109f71c1cb108e8ab44" },
    { file = "pyobjc_core-10.1-cp38-cp38-macosx_11_0_universal2.whl", hash = "sha256:2d43205d3a784aa87055b84c0ec0dfa76498e5f18d1ad16bdc58a3dcf5a7d5d0" },
    { file = "pyobjc_core-10.1-cp39-cp39-macosx_10_9_universal2.whl", hash = "sha256:0aa9799b5996a893944999a2f1afcf1de119cab3551c169ad9f54d12e1d38c99" },
]

[package.dependencies]
pyobjc-core = ">=10.1"

[[package]]
name = "screeninfo"
version = "0.8.1"
description = "Fetch location and size of physical screens."
optional = false
python-versions = ">=3.6.2,<4.0.0"
files = [
    { file = "screeninfo-0.8.1-py3-none-any.whl", hash = "sha256:e97d6b173856edcfa3bd282f81deb528188aff14b11ec3e195584e7641be733c" },
    { file = "screeninfo-0.8.1.tar.gz", hash = "sha256:9983076bcc7e34402a1a9e4d7dabf3729411fd2abb3f3b4be7eba73519cd2ed1" },
]

[package.dependencies]
Cython = { version = "*", markers = "sys_platform == \"darwin\"" }
pyobjc-framework-Cocoa = { version = "*", markers = "sys_platform == \"darwin\"" }

[metadata]
lock-version = "2.0"
python-versions = "^3.10"
content-hash = "8e500bc3aedb0d3d429f88b4c5bf04b03b327d30d280c922f7bb107bc01adab9"
