# This file is automatically @generated by Poetry 1.6.1 and should not be changed by hand.

[[package]]
name = "pydbus"
version = "0.6.0"
description = "Pythonic DBus library"
optional = false
python-versions = "*"
files = [
    {file = "pydbus-0.6.0-py2.py3-none-any.whl", hash = "sha256:66b80106352a718d80d6c681dc2a82588048e30b75aab933e4020eb0660bf85e"},
    {file = "pydbus-0.6.0.tar.gz", hash = "sha256:4207162eff54223822c185da06c1ba8a34137a9602f3da5a528eedf3f78d0f2c"},
]

[metadata]
lock-version = "2.0"
python-versions = "^3.10"
content-hash = "fcb960af23b9dae263b9359b1cf0d6a2153890ce6775272a626fe1288eeaeade"
